
Microsoft Visual Studio Solution File, Format Version 12.00
# Visual Studio Version 17
VisualStudioVersion = 17.7.34024.191
MinimumVisualStudioVersion = 10.0.40219.1
Project("{8BC9CEB8-8B4A-11D0-8D11-00A0C91BC942}") = "FirstConsoleApplication", "FirstConsoleApplication\FirstConsoleApplication.vcxproj", "{BCAF686B-FBF2-4760-8368-0567DC921AB8}"
EndProject
Project("{8BC9CEB8-8B4A-11D0-8D11-00A0C91BC942}") = "VariableConsoleApplication", "VariableConsoleApplication\VariableConsoleApplication.vcxproj", "{23239D39-1E07-4DB2-8FF2-E572740AC57C}"
EndProject
Project("{2150E333-8FDC-42A3-9474-1A3956D46DE8}") = "01 podst", "01 podst", "{CB7E1B3D-E538-4CB3-B406-760D702F1072}"
EndProject
Project("{2150E333-8FDC-42A3-9474-1A3956D46DE8}") = "02 instrukcje decyzyjne", "02 instrukcje decyzyjne", "{68543FF1-D100-4D0E-9540-42CD69F84F09}"
EndProject
Project("{8BC9CEB8-8B4A-11D0-8D11-00A0C91BC942}") = "InstrucionIfConsoleApp", "InstrucionIfConsoleApp\InstrucionIfConsoleApp.vcxproj", "{5795C688-654B-46BE-BAD3-A3F0DB1874EF}"
EndProject
Project("{8BC9CEB8-8B4A-11D0-8D11-00A0C91BC942}") = "LoopDoWhileConsoleApplication", "LoopConsoleApplication\LoopConsoleApplication.vcxproj", "{5FE86DC1-3EE2-4AD1-AA30-917563CA1251}"
EndProject
Project("{8BC9CEB8-8B4A-11D0-8D11-00A0C91BC942}") = "LoopWhileConsoleApplication", "LoopWhileConsoleApplication\LoopWhileConsoleApplication.vcxproj", "{E08820F5-5636-4BD9-9675-55087361CF68}"
EndProject
Project("{8BC9CEB8-8B4A-11D0-8D11-00A0C91BC942}") = "LoopForConsoleApplication", "LoopForConsoleApplication\LoopForConsoleApplication.vcxproj", "{3DFA9EBC-1472-4AD6-B45A-E832DC4179BE}"
EndProject
Project("{2150E333-8FDC-42A3-9474-1A3956D46DE8}") = "03 kolekcje", "03 kolekcje", "{BAA20ED0-CCB9-481F-8AE6-C5837E38B8A5}"
EndProject
Project("{8BC9CEB8-8B4A-11D0-8D11-00A0C91BC942}") = "CharactersConsoleApplication", "CharactersConsoleApplication\CharactersConsoleApplication.vcxproj", "{EF7BE7FD-E520-4EBC-A5EF-AD3D401D318B}"
EndProject
Project("{8BC9CEB8-8B4A-11D0-8D11-00A0C91BC942}") = "ArrayConsoleApplication", "ArrayConsoleApplication\ArrayConsoleApplication.vcxproj", "{1AFCF6ED-2839-4769-A24C-06FB8E227AC0}"
EndProject
Project("{2150E333-8FDC-42A3-9474-1A3956D46DE8}") = "04 funkcje", "04 funkcje", "{6C73C94B-8B4D-453E-88D4-353692D5D840}"
EndProject
Project("{8BC9CEB8-8B4A-11D0-8D11-00A0C91BC942}") = "FunkcjonConsoleApplication", "FunkcjonConsoleApplication\FunkcjonConsoleApplication.vcxproj", "{3B954DDD-54EF-4F9C-B6A5-45ADEEE40E56}"
EndProject
Project("{2150E333-8FDC-42A3-9474-1A3956D46DE8}") = "05 wskazniki", "05 wskazniki", "{B503E695-DAD0-4C46-92AE-E70BFC482DE8}"
EndProject
Project("{8BC9CEB8-8B4A-11D0-8D11-00A0C91BC942}") = "PointersConsoleApplication", "PointersConsoleApplication\PointersConsoleApplication.vcxproj", "{AEA86744-B540-4712-BED4-0464DCB32EC5}"
EndProject
Project("{2150E333-8FDC-42A3-9474-1A3956D46DE8}") = "Zadania", "Zadania", "{70EE02C0-D611-438E-A8D9-D4F253C7DEE7}"
EndProject
Project("{8BC9CEB8-8B4A-11D0-8D11-00A0C91BC942}") = "TasksConsoleApplication", "TasksConsoleApplication\TasksConsoleApplication.vcxproj", "{5BBD9C3E-D1F3-4989-9C77-403A5B23D0F6}"
EndProject
Project("{8BC9CEB8-8B4A-11D0-8D11-00A0C91BC942}") = "SnakeConsoleApplication", "SnakeConsoleApplication\SnakeConsoleApplication.vcxproj", "{7A08C50D-2C19-4D91-A328-4785C46866D0}"
EndProject
Project("{8BC9CEB8-8B4A-11D0-8D11-00A0C91BC942}") = "Task2ConsoleApplication", "Task2ConsoleApplication\Task2ConsoleApplication.vcxproj", "{ABABB46A-71C7-49D4-ADEF-3F835055E2AD}"
EndProject
Project("{8BC9CEB8-8B4A-11D0-8D11-00A0C91BC942}") = "Task3ConsoleApplication", "Task3ConsoleApplication\Task3ConsoleApplication.vcxproj", "{D695CE50-3D54-4E2B-BE1C-B9E7D1E2CE89}"
EndProject
Project("{2150E333-8FDC-42A3-9474-1A3956D46DE8}") = "Strukturalne", "Strukturalne", "{457A8636-94A5-47D1-810F-9D1E62B26B34}"
EndProject
Project("{2150E333-8FDC-42A3-9474-1A3956D46DE8}") = "Objektowe", "Objektowe", "{42DFA183-9E09-45DA-8AEB-3FFDEF9A9BEA}"
EndProject
Project("{2150E333-8FDC-42A3-9474-1A3956D46DE8}") = "01 Struktury", "01 Struktury", "{98D321FF-8B23-4EB3-B9A9-8583C2B8DD64}"
EndProject
Project("{8BC9CEB8-8B4A-11D0-8D11-00A0C91BC942}") = "FirstStructConsoleApplication", "FirstStructConsoleApplication\FirstStructConsoleApplication.vcxproj", "{3F90850C-B371-483A-8DAC-534A77DAFC81}"
EndProject
Project("{2150E333-8FDC-42A3-9474-1A3956D46DE8}") = "02 Podst Obiektow", "02 Podst Obiektow", "{4E770ADE-636F-4F61-B28B-B82F6BABC5C9}"
EndProject
Project("{8BC9CEB8-8B4A-11D0-8D11-00A0C91BC942}") = "FirstObjectConsoleApplication", "FirstObjectConsoleApplication\FirstObjectConsoleApplication.vcxproj", "{8157103A-4A0C-4323-967B-23CE9EFDFA4A}"
EndProject
Project("{8BC9CEB8-8B4A-11D0-8D11-00A0C91BC942}") = "ReadAndToFilesConsoleApplication", "ReadAndToFilesConsoleApplication\ReadAndToFilesConsoleApplication.vcxproj", "{B649C7BE-57B1-4F1C-9460-B9792ADB4CDB}"
EndProject
Project("{8BC9CEB8-8B4A-11D0-8D11-00A0C91BC942}") = "StringConsoleApplication", "StringConsoleApplication\StringConsoleApplication.vcxproj", "{C8511AE2-821A-4A00-BFC8-C48477D1C8AA}"
EndProject
Project("{8BC9CEB8-8B4A-11D0-8D11-00A0C91BC942}") = "InheritanceConsoleApp", "InheritanceConsoleApp\InheritanceConsoleApp.vcxproj", "{ABE44F09-11C5-42E5-8E9D-F442BB05B859}"
EndProject
Project("{8BC9CEB8-8B4A-11D0-8D11-00A0C91BC942}") = "GeometricFigureConsoleApplication", "GeometricFigureConsoleApplication\GeometricFigureConsoleApplication.vcxproj", "{796E1B2C-3E45-43E4-8C8C-ED59C914B996}"
EndProject
Project("{8BC9CEB8-8B4A-11D0-8D11-00A0C91BC942}") = "GeometricFigureV2ConsoleApplication", "GeometricFigureV2ConsoleApplication\GeometricFigureV2ConsoleApplication.vcxproj", "{64A8F0E7-B0AA-47E8-B134-BD6205887C3C}"
EndProject
Project("{2150E333-8FDC-42A3-9474-1A3956D46DE8}") = "Matura", "Matura", "{523DEDBA-BDA8-4605-9EF7-1D39E0B7391D}"
EndProject
Project("{8BC9CEB8-8B4A-11D0-8D11-00A0C91BC942}") = "Matura2022MajConsoleApplication", "Matura2022MajConsoleApplication\Matura2022MajConsoleApplication.vcxproj", "{0AFB1D71-35DE-4B95-83D1-0CFD3443102B}"
EndProject
Project("{8BC9CEB8-8B4A-11D0-8D11-00A0C91BC942}") = "Matura2022CzerwiecConsoleApplication", "MaturaSprawdzianConsoleApplication\MaturaSprawdzianConsoleApplication.vcxproj", "{220E1E94-ED70-4FD2-898F-C94290D4A173}"
EndProject
Project("{8BC9CEB8-8B4A-11D0-8D11-00A0C91BC942}") = "Matura2024MajConsoleApplication", "Matura2024MajConsoleApplication\Matura2024MajConsoleApplication.vcxproj", "{848FEA2F-474A-4A04-A51F-60983FC4F145}"
EndProject
Project("{2150E333-8FDC-42A3-9474-1A3956D46DE8}") = "C++", "C++", "{02EA681E-C7D8-13C7-8484-4AC65E1B71E8}"
EndProject
Project("{2150E333-8FDC-42A3-9474-1A3956D46DE8}") = "C#", "C#", "{6EF0C359-90F8-4A90-B2EC-D076ADD80228}"
EndProject
Project("{FAE04EC0-301F-11D3-BF4B-00C04F79EFBC}") = "FirstConsoleApp", "FirstConsoleApp\FirstConsoleApp.csproj", "{B244807C-5B82-4D3B-87B8-0D9822279248}"
EndProject
Global
	GlobalSection(SolutionConfigurationPlatforms) = preSolution
		Debug|Any CPU = Debug|Any CPU
		Debug|x64 = Debug|x64
		Debug|x86 = Debug|x86
		Release|Any CPU = Release|Any CPU
		Release|x64 = Release|x64
		Release|x86 = Release|x86
	EndGlobalSection
	GlobalSection(ProjectConfigurationPlatforms) = postSolution
		{BCAF686B-FBF2-4760-8368-0567DC921AB8}.Debug|Any CPU.ActiveCfg = Debug|x64
		{BCAF686B-FBF2-4760-8368-0567DC921AB8}.Debug|Any CPU.Build.0 = Debug|x64
		{BCAF686B-FBF2-4760-8368-0567DC921AB8}.Debug|x64.ActiveCfg = Debug|x64
		{BCAF686B-FBF2-4760-8368-0567DC921AB8}.Debug|x64.Build.0 = Debug|x64
		{BCAF686B-FBF2-4760-8368-0567DC921AB8}.Debug|x86.ActiveCfg = Debug|Win32
		{BCAF686B-FBF2-4760-8368-0567DC921AB8}.Debug|x86.Build.0 = Debug|Win32
		{BCAF686B-FBF2-4760-8368-0567DC921AB8}.Release|Any CPU.ActiveCfg = Release|x64
		{BCAF686B-FBF2-4760-8368-0567DC921AB8}.Release|Any CPU.Build.0 = Release|x64
		{BCAF686B-FBF2-4760-8368-0567DC921AB8}.Release|x64.ActiveCfg = Release|x64
		{BCAF686B-FBF2-4760-8368-0567DC921AB8}.Release|x64.Build.0 = Release|x64
		{BCAF686B-FBF2-4760-8368-0567DC921AB8}.Release|x86.ActiveCfg = Release|Win32
		{BCAF686B-FBF2-4760-8368-0567DC921AB8}.Release|x86.Build.0 = Release|Win32
		{23239D39-1E07-4DB2-8FF2-E572740AC57C}.Debug|Any CPU.ActiveCfg = Debug|x64
		{23239D39-1E07-4DB2-8FF2-E572740AC57C}.Debug|Any CPU.Build.0 = Debug|x64
		{23239D39-1E07-4DB2-8FF2-E572740AC57C}.Debug|x64.ActiveCfg = Debug|x64
		{23239D39-1E07-4DB2-8FF2-E572740AC57C}.Debug|x64.Build.0 = Debug|x64
		{23239D39-1E07-4DB2-8FF2-E572740AC57C}.Debug|x86.ActiveCfg = Debug|Win32
		{23239D39-1E07-4DB2-8FF2-E572740AC57C}.Debug|x86.Build.0 = Debug|Win32
		{23239D39-1E07-4DB2-8FF2-E572740AC57C}.Release|Any CPU.ActiveCfg = Release|x64
		{23239D39-1E07-4DB2-8FF2-E572740AC57C}.Release|Any CPU.Build.0 = Release|x64
		{23239D39-1E07-4DB2-8FF2-E572740AC57C}.Release|x64.ActiveCfg = Release|x64
		{23239D39-1E07-4DB2-8FF2-E572740AC57C}.Release|x64.Build.0 = Release|x64
		{23239D39-1E07-4DB2-8FF2-E572740AC57C}.Release|x86.ActiveCfg = Release|Win32
		{23239D39-1E07-4DB2-8FF2-E572740AC57C}.Release|x86.Build.0 = Release|Win32
		{5795C688-654B-46BE-BAD3-A3F0DB1874EF}.Debug|Any CPU.ActiveCfg = Debug|x64
		{5795C688-654B-46BE-BAD3-A3F0DB1874EF}.Debug|Any CPU.Build.0 = Debug|x64
		{5795C688-654B-46BE-BAD3-A3F0DB1874EF}.Debug|x64.ActiveCfg = Debug|x64
		{5795C688-654B-46BE-BAD3-A3F0DB1874EF}.Debug|x64.Build.0 = Debug|x64
		{5795C688-654B-46BE-BAD3-A3F0DB1874EF}.Debug|x86.ActiveCfg = Debug|Win32
		{5795C688-654B-46BE-BAD3-A3F0DB1874EF}.Debug|x86.Build.0 = Debug|Win32
		{5795C688-654B-46BE-BAD3-A3F0DB1874EF}.Release|Any CPU.ActiveCfg = Release|x64
		{5795C688-654B-46BE-BAD3-A3F0DB1874EF}.Release|Any CPU.Build.0 = Release|x64
		{5795C688-654B-46BE-BAD3-A3F0DB1874EF}.Release|x64.ActiveCfg = Release|x64
		{5795C688-654B-46BE-BAD3-A3F0DB1874EF}.Release|x64.Build.0 = Release|x64
		{5795C688-654B-46BE-BAD3-A3F0DB1874EF}.Release|x86.ActiveCfg = Release|Win32
		{5795C688-654B-46BE-BAD3-A3F0DB1874EF}.Release|x86.Build.0 = Release|Win32
		{5FE86DC1-3EE2-4AD1-AA30-917563CA1251}.Debug|Any CPU.ActiveCfg = Debug|x64
		{5FE86DC1-3EE2-4AD1-AA30-917563CA1251}.Debug|Any CPU.Build.0 = Debug|x64
		{5FE86DC1-3EE2-4AD1-AA30-917563CA1251}.Debug|x64.ActiveCfg = Debug|x64
		{5FE86DC1-3EE2-4AD1-AA30-917563CA1251}.Debug|x64.Build.0 = Debug|x64
		{5FE86DC1-3EE2-4AD1-AA30-917563CA1251}.Debug|x86.ActiveCfg = Debug|Win32
		{5FE86DC1-3EE2-4AD1-AA30-917563CA1251}.Debug|x86.Build.0 = Debug|Win32
		{5FE86DC1-3EE2-4AD1-AA30-917563CA1251}.Release|Any CPU.ActiveCfg = Release|x64
		{5FE86DC1-3EE2-4AD1-AA30-917563CA1251}.Release|Any CPU.Build.0 = Release|x64
		{5FE86DC1-3EE2-4AD1-AA30-917563CA1251}.Release|x64.ActiveCfg = Release|x64
		{5FE86DC1-3EE2-4AD1-AA30-917563CA1251}.Release|x64.Build.0 = Release|x64
		{5FE86DC1-3EE2-4AD1-AA30-917563CA1251}.Release|x86.ActiveCfg = Release|Win32
		{5FE86DC1-3EE2-4AD1-AA30-917563CA1251}.Release|x86.Build.0 = Release|Win32
		{E08820F5-5636-4BD9-9675-55087361CF68}.Debug|Any CPU.ActiveCfg = Debug|x64
		{E08820F5-5636-4BD9-9675-55087361CF68}.Debug|Any CPU.Build.0 = Debug|x64
		{E08820F5-5636-4BD9-9675-55087361CF68}.Debug|x64.ActiveCfg = Debug|x64
		{E08820F5-5636-4BD9-9675-55087361CF68}.Debug|x64.Build.0 = Debug|x64
		{E08820F5-5636-4BD9-9675-55087361CF68}.Debug|x86.ActiveCfg = Debug|Win32
		{E08820F5-5636-4BD9-9675-55087361CF68}.Debug|x86.Build.0 = Debug|Win32
		{E08820F5-5636-4BD9-9675-55087361CF68}.Release|Any CPU.ActiveCfg = Release|x64
		{E08820F5-5636-4BD9-9675-55087361CF68}.Release|Any CPU.Build.0 = Release|x64
		{E08820F5-5636-4BD9-9675-55087361CF68}.Release|x64.ActiveCfg = Release|x64
		{E08820F5-5636-4BD9-9675-55087361CF68}.Release|x64.Build.0 = Release|x64
		{E08820F5-5636-4BD9-9675-55087361CF68}.Release|x86.ActiveCfg = Release|Win32
		{E08820F5-5636-4BD9-9675-55087361CF68}.Release|x86.Build.0 = Release|Win32
		{3DFA9EBC-1472-4AD6-B45A-E832DC4179BE}.Debug|Any CPU.ActiveCfg = Debug|x64
		{3DFA9EBC-1472-4AD6-B45A-E832DC4179BE}.Debug|Any CPU.Build.0 = Debug|x64
		{3DFA9EBC-1472-4AD6-B45A-E832DC4179BE}.Debug|x64.ActiveCfg = Debug|x64
		{3DFA9EBC-1472-4AD6-B45A-E832DC4179BE}.Debug|x64.Build.0 = Debug|x64
		{3DFA9EBC-1472-4AD6-B45A-E832DC4179BE}.Debug|x86.ActiveCfg = Debug|Win32
		{3DFA9EBC-1472-4AD6-B45A-E832DC4179BE}.Debug|x86.Build.0 = Debug|Win32
		{3DFA9EBC-1472-4AD6-B45A-E832DC4179BE}.Release|Any CPU.ActiveCfg = Release|x64
		{3DFA9EBC-1472-4AD6-B45A-E832DC4179BE}.Release|Any CPU.Build.0 = Release|x64
		{3DFA9EBC-1472-4AD6-B45A-E832DC4179BE}.Release|x64.ActiveCfg = Release|x64
		{3DFA9EBC-1472-4AD6-B45A-E832DC4179BE}.Release|x64.Build.0 = Release|x64
		{3DFA9EBC-1472-4AD6-B45A-E832DC4179BE}.Release|x86.ActiveCfg = Release|Win32
		{3DFA9EBC-1472-4AD6-B45A-E832DC4179BE}.Release|x86.Build.0 = Release|Win32
		{EF7BE7FD-E520-4EBC-A5EF-AD3D401D318B}.Debug|Any CPU.ActiveCfg = Debug|x64
		{EF7BE7FD-E520-4EBC-A5EF-AD3D401D318B}.Debug|Any CPU.Build.0 = Debug|x64
		{EF7BE7FD-E520-4EBC-A5EF-AD3D401D318B}.Debug|x64.ActiveCfg = Debug|x64
		{EF7BE7FD-E520-4EBC-A5EF-AD3D401D318B}.Debug|x64.Build.0 = Debug|x64
		{EF7BE7FD-E520-4EBC-A5EF-AD3D401D318B}.Debug|x86.ActiveCfg = Debug|Win32
		{EF7BE7FD-E520-4EBC-A5EF-AD3D401D318B}.Debug|x86.Build.0 = Debug|Win32
		{EF7BE7FD-E520-4EBC-A5EF-AD3D401D318B}.Release|Any CPU.ActiveCfg = Release|x64
		{EF7BE7FD-E520-4EBC-A5EF-AD3D401D318B}.Release|Any CPU.Build.0 = Release|x64
		{EF7BE7FD-E520-4EBC-A5EF-AD3D401D318B}.Release|x64.ActiveCfg = Release|x64
		{EF7BE7FD-E520-4EBC-A5EF-AD3D401D318B}.Release|x64.Build.0 = Release|x64
		{EF7BE7FD-E520-4EBC-A5EF-AD3D401D318B}.Release|x86.ActiveCfg = Release|Win32
		{EF7BE7FD-E520-4EBC-A5EF-AD3D401D318B}.Release|x86.Build.0 = Release|Win32
		{1AFCF6ED-2839-4769-A24C-06FB8E227AC0}.Debug|Any CPU.ActiveCfg = Debug|x64
		{1AFCF6ED-2839-4769-A24C-06FB8E227AC0}.Debug|Any CPU.Build.0 = Debug|x64
		{1AFCF6ED-2839-4769-A24C-06FB8E227AC0}.Debug|x64.ActiveCfg = Debug|x64
		{1AFCF6ED-2839-4769-A24C-06FB8E227AC0}.Debug|x64.Build.0 = Debug|x64
		{1AFCF6ED-2839-4769-A24C-06FB8E227AC0}.Debug|x86.ActiveCfg = Debug|Win32
		{1AFCF6ED-2839-4769-A24C-06FB8E227AC0}.Debug|x86.Build.0 = Debug|Win32
		{1AFCF6ED-2839-4769-A24C-06FB8E227AC0}.Release|Any CPU.ActiveCfg = Release|x64
		{1AFCF6ED-2839-4769-A24C-06FB8E227AC0}.Release|Any CPU.Build.0 = Release|x64
		{1AFCF6ED-2839-4769-A24C-06FB8E227AC0}.Release|x64.ActiveCfg = Release|x64
		{1AFCF6ED-2839-4769-A24C-06FB8E227AC0}.Release|x64.Build.0 = Release|x64
		{1AFCF6ED-2839-4769-A24C-06FB8E227AC0}.Release|x86.ActiveCfg = Release|Win32
		{1AFCF6ED-2839-4769-A24C-06FB8E227AC0}.Release|x86.Build.0 = Release|Win32
		{3B954DDD-54EF-4F9C-B6A5-45ADEEE40E56}.Debug|Any CPU.ActiveCfg = Debug|x64
		{3B954DDD-54EF-4F9C-B6A5-45ADEEE40E56}.Debug|Any CPU.Build.0 = Debug|x64
		{3B954DDD-54EF-4F9C-B6A5-45ADEEE40E56}.Debug|x64.ActiveCfg = Debug|x64
		{3B954DDD-54EF-4F9C-B6A5-45ADEEE40E56}.Debug|x64.Build.0 = Debug|x64
		{3B954DDD-54EF-4F9C-B6A5-45ADEEE40E56}.Debug|x86.ActiveCfg = Debug|Win32
		{3B954DDD-54EF-4F9C-B6A5-45ADEEE40E56}.Debug|x86.Build.0 = Debug|Win32
		{3B954DDD-54EF-4F9C-B6A5-45ADEEE40E56}.Release|Any CPU.ActiveCfg = Release|x64
		{3B954DDD-54EF-4F9C-B6A5-45ADEEE40E56}.Release|Any CPU.Build.0 = Release|x64
		{3B954DDD-54EF-4F9C-B6A5-45ADEEE40E56}.Release|x64.ActiveCfg = Release|x64
		{3B954DDD-54EF-4F9C-B6A5-45ADEEE40E56}.Release|x64.Build.0 = Release|x64
		{3B954DDD-54EF-4F9C-B6A5-45ADEEE40E56}.Release|x86.ActiveCfg = Release|Win32
		{3B954DDD-54EF-4F9C-B6A5-45ADEEE40E56}.Release|x86.Build.0 = Release|Win32
		{AEA86744-B540-4712-BED4-0464DCB32EC5}.Debug|Any CPU.ActiveCfg = Debug|x64
		{AEA86744-B540-4712-BED4-0464DCB32EC5}.Debug|Any CPU.Build.0 = Debug|x64
		{AEA86744-B540-4712-BED4-0464DCB32EC5}.Debug|x64.ActiveCfg = Debug|x64
		{AEA86744-B540-4712-BED4-0464DCB32EC5}.Debug|x64.Build.0 = Debug|x64
		{AEA86744-B540-4712-BED4-0464DCB32EC5}.Debug|x86.ActiveCfg = Debug|Win32
		{AEA86744-B540-4712-BED4-0464DCB32EC5}.Debug|x86.Build.0 = Debug|Win32
		{AEA86744-B540-4712-BED4-0464DCB32EC5}.Release|Any CPU.ActiveCfg = Release|x64
		{AEA86744-B540-4712-BED4-0464DCB32EC5}.Release|Any CPU.Build.0 = Release|x64
		{AEA86744-B540-4712-BED4-0464DCB32EC5}.Release|x64.ActiveCfg = Release|x64
		{AEA86744-B540-4712-BED4-0464DCB32EC5}.Release|x64.Build.0 = Release|x64
		{AEA86744-B540-4712-BED4-0464DCB32EC5}.Release|x86.ActiveCfg = Release|Win32
		{AEA86744-B540-4712-BED4-0464DCB32EC5}.Release|x86.Build.0 = Release|Win32
		{5BBD9C3E-D1F3-4989-9C77-403A5B23D0F6}.Debug|Any CPU.ActiveCfg = Debug|x64
		{5BBD9C3E-D1F3-4989-9C77-403A5B23D0F6}.Debug|Any CPU.Build.0 = Debug|x64
		{5BBD9C3E-D1F3-4989-9C77-403A5B23D0F6}.Debug|x64.ActiveCfg = Debug|x64
		{5BBD9C3E-D1F3-4989-9C77-403A5B23D0F6}.Debug|x64.Build.0 = Debug|x64
		{5BBD9C3E-D1F3-4989-9C77-403A5B23D0F6}.Debug|x86.ActiveCfg = Debug|Win32
		{5BBD9C3E-D1F3-4989-9C77-403A5B23D0F6}.Debug|x86.Build.0 = Debug|Win32
		{5BBD9C3E-D1F3-4989-9C77-403A5B23D0F6}.Release|Any CPU.ActiveCfg = Release|x64
		{5BBD9C3E-D1F3-4989-9C77-403A5B23D0F6}.Release|Any CPU.Build.0 = Release|x64
		{5BBD9C3E-D1F3-4989-9C77-403A5B23D0F6}.Release|x64.ActiveCfg = Release|x64
		{5BBD9C3E-D1F3-4989-9C77-403A5B23D0F6}.Release|x64.Build.0 = Release|x64
		{5BBD9C3E-D1F3-4989-9C77-403A5B23D0F6}.Release|x86.ActiveCfg = Release|Win32
		{5BBD9C3E-D1F3-4989-9C77-403A5B23D0F6}.Release|x86.Build.0 = Release|Win32
		{7A08C50D-2C19-4D91-A328-4785C46866D0}.Debug|Any CPU.ActiveCfg = Debug|x64
		{7A08C50D-2C19-4D91-A328-4785C46866D0}.Debug|Any CPU.Build.0 = Debug|x64
		{7A08C50D-2C19-4D91-A328-4785C46866D0}.Debug|x64.ActiveCfg = Debug|x64
		{7A08C50D-2C19-4D91-A328-4785C46866D0}.Debug|x64.Build.0 = Debug|x64
		{7A08C50D-2C19-4D91-A328-4785C46866D0}.Debug|x86.ActiveCfg = Debug|Win32
		{7A08C50D-2C19-4D91-A328-4785C46866D0}.Debug|x86.Build.0 = Debug|Win32
		{7A08C50D-2C19-4D91-A328-4785C46866D0}.Release|Any CPU.ActiveCfg = Release|x64
		{7A08C50D-2C19-4D91-A328-4785C46866D0}.Release|Any CPU.Build.0 = Release|x64
		{7A08C50D-2C19-4D91-A328-4785C46866D0}.Release|x64.ActiveCfg = Release|x64
		{7A08C50D-2C19-4D91-A328-4785C46866D0}.Release|x64.Build.0 = Release|x64
		{7A08C50D-2C19-4D91-A328-4785C46866D0}.Release|x86.ActiveCfg = Release|Win32
		{7A08C50D-2C19-4D91-A328-4785C46866D0}.Release|x86.Build.0 = Release|Win32
		{ABABB46A-71C7-49D4-ADEF-3F835055E2AD}.Debug|Any CPU.ActiveCfg = Debug|x64
		{ABABB46A-71C7-49D4-ADEF-3F835055E2AD}.Debug|Any CPU.Build.0 = Debug|x64
		{ABABB46A-71C7-49D4-ADEF-3F835055E2AD}.Debug|x64.ActiveCfg = Debug|x64
		{ABABB46A-71C7-49D4-ADEF-3F835055E2AD}.Debug|x64.Build.0 = Debug|x64
		{ABABB46A-71C7-49D4-ADEF-3F835055E2AD}.Debug|x86.ActiveCfg = Debug|Win32
		{ABABB46A-71C7-49D4-ADEF-3F835055E2AD}.Debug|x86.Build.0 = Debug|Win32
		{ABABB46A-71C7-49D4-ADEF-3F835055E2AD}.Release|Any CPU.ActiveCfg = Release|x64
		{ABABB46A-71C7-49D4-ADEF-3F835055E2AD}.Release|Any CPU.Build.0 = Release|x64
		{ABABB46A-71C7-49D4-ADEF-3F835055E2AD}.Release|x64.ActiveCfg = Release|x64
		{ABABB46A-71C7-49D4-ADEF-3F835055E2AD}.Release|x64.Build.0 = Release|x64
		{ABABB46A-71C7-49D4-ADEF-3F835055E2AD}.Release|x86.ActiveCfg = Release|Win32
		{ABABB46A-71C7-49D4-ADEF-3F835055E2AD}.Release|x86.Build.0 = Release|Win32
		{D695CE50-3D54-4E2B-BE1C-B9E7D1E2CE89}.Debug|Any CPU.ActiveCfg = Debug|x64
		{D695CE50-3D54-4E2B-BE1C-B9E7D1E2CE89}.Debug|Any CPU.Build.0 = Debug|x64
		{D695CE50-3D54-4E2B-BE1C-B9E7D1E2CE89}.Debug|x64.ActiveCfg = Debug|x64
		{D695CE50-3D54-4E2B-BE1C-B9E7D1E2CE89}.Debug|x64.Build.0 = Debug|x64
		{D695CE50-3D54-4E2B-BE1C-B9E7D1E2CE89}.Debug|x86.ActiveCfg = Debug|Win32
		{D695CE50-3D54-4E2B-BE1C-B9E7D1E2CE89}.Debug|x86.Build.0 = Debug|Win32
		{D695CE50-3D54-4E2B-BE1C-B9E7D1E2CE89}.Release|Any CPU.ActiveCfg = Release|x64
		{D695CE50-3D54-4E2B-BE1C-B9E7D1E2CE89}.Release|Any CPU.Build.0 = Release|x64
		{D695CE50-3D54-4E2B-BE1C-B9E7D1E2CE89}.Release|x64.ActiveCfg = Release|x64
		{D695CE50-3D54-4E2B-BE1C-B9E7D1E2CE89}.Release|x64.Build.0 = Release|x64
		{D695CE50-3D54-4E2B-BE1C-B9E7D1E2CE89}.Release|x86.ActiveCfg = Release|Win32
		{D695CE50-3D54-4E2B-BE1C-B9E7D1E2CE89}.Release|x86.Build.0 = Release|Win32
		{3F90850C-B371-483A-8DAC-534A77DAFC81}.Debug|Any CPU.ActiveCfg = Debug|x64
		{3F90850C-B371-483A-8DAC-534A77DAFC81}.Debug|Any CPU.Build.0 = Debug|x64
		{3F90850C-B371-483A-8DAC-534A77DAFC81}.Debug|x64.ActiveCfg = Debug|x64
		{3F90850C-B371-483A-8DAC-534A77DAFC81}.Debug|x64.Build.0 = Debug|x64
		{3F90850C-B371-483A-8DAC-534A77DAFC81}.Debug|x86.ActiveCfg = Debug|Win32
		{3F90850C-B371-483A-8DAC-534A77DAFC81}.Debug|x86.Build.0 = Debug|Win32
		{3F90850C-B371-483A-8DAC-534A77DAFC81}.Release|Any CPU.ActiveCfg = Release|x64
		{3F90850C-B371-483A-8DAC-534A77DAFC81}.Release|Any CPU.Build.0 = Release|x64
		{3F90850C-B371-483A-8DAC-534A77DAFC81}.Release|x64.ActiveCfg = Release|x64
		{3F90850C-B371-483A-8DAC-534A77DAFC81}.Release|x64.Build.0 = Release|x64
		{3F90850C-B371-483A-8DAC-534A77DAFC81}.Release|x86.ActiveCfg = Release|Win32
		{3F90850C-B371-483A-8DAC-534A77DAFC81}.Release|x86.Build.0 = Release|Win32
		{8157103A-4A0C-4323-967B-23CE9EFDFA4A}.Debug|Any CPU.ActiveCfg = Debug|x64
		{8157103A-4A0C-4323-967B-23CE9EFDFA4A}.Debug|Any CPU.Build.0 = Debug|x64
		{8157103A-4A0C-4323-967B-23CE9EFDFA4A}.Debug|x64.ActiveCfg = Debug|x64
		{8157103A-4A0C-4323-967B-23CE9EFDFA4A}.Debug|x64.Build.0 = Debug|x64
		{8157103A-4A0C-4323-967B-23CE9EFDFA4A}.Debug|x86.ActiveCfg = Debug|Win32
		{8157103A-4A0C-4323-967B-23CE9EFDFA4A}.Debug|x86.Build.0 = Debug|Win32
		{8157103A-4A0C-4323-967B-23CE9EFDFA4A}.Release|Any CPU.ActiveCfg = Release|x64
		{8157103A-4A0C-4323-967B-23CE9EFDFA4A}.Release|Any CPU.Build.0 = Release|x64
		{8157103A-4A0C-4323-967B-23CE9EFDFA4A}.Release|x64.ActiveCfg = Release|x64
		{8157103A-4A0C-4323-967B-23CE9EFDFA4A}.Release|x64.Build.0 = Release|x64
		{8157103A-4A0C-4323-967B-23CE9EFDFA4A}.Release|x86.ActiveCfg = Release|Win32
		{8157103A-4A0C-4323-967B-23CE9EFDFA4A}.Release|x86.Build.0 = Release|Win32
		{B649C7BE-57B1-4F1C-9460-B9792ADB4CDB}.Debug|Any CPU.ActiveCfg = Debug|x64
		{B649C7BE-57B1-4F1C-9460-B9792ADB4CDB}.Debug|Any CPU.Build.0 = Debug|x64
		{B649C7BE-57B1-4F1C-9460-B9792ADB4CDB}.Debug|x64.ActiveCfg = Debug|x64
		{B649C7BE-57B1-4F1C-9460-B9792ADB4CDB}.Debug|x64.Build.0 = Debug|x64
		{B649C7BE-57B1-4F1C-9460-B9792ADB4CDB}.Debug|x86.ActiveCfg = Debug|Win32
		{B649C7BE-57B1-4F1C-9460-B9792ADB4CDB}.Debug|x86.Build.0 = Debug|Win32
		{B649C7BE-57B1-4F1C-9460-B9792ADB4CDB}.Release|Any CPU.ActiveCfg = Release|x64
		{B649C7BE-57B1-4F1C-9460-B9792ADB4CDB}.Release|Any CPU.Build.0 = Release|x64
		{B649C7BE-57B1-4F1C-9460-B9792ADB4CDB}.Release|x64.ActiveCfg = Release|x64
		{B649C7BE-57B1-4F1C-9460-B9792ADB4CDB}.Release|x64.Build.0 = Release|x64
		{B649C7BE-57B1-4F1C-9460-B9792ADB4CDB}.Release|x86.ActiveCfg = Release|Win32
		{B649C7BE-57B1-4F1C-9460-B9792ADB4CDB}.Release|x86.Build.0 = Release|Win32
		{C8511AE2-821A-4A00-BFC8-C48477D1C8AA}.Debug|Any CPU.ActiveCfg = Debug|x64
		{C8511AE2-821A-4A00-BFC8-C48477D1C8AA}.Debug|Any CPU.Build.0 = Debug|x64
		{C8511AE2-821A-4A00-BFC8-C48477D1C8AA}.Debug|x64.ActiveCfg = Debug|x64
		{C8511AE2-821A-4A00-BFC8-C48477D1C8AA}.Debug|x64.Build.0 = Debug|x64
		{C8511AE2-821A-4A00-BFC8-C48477D1C8AA}.Debug|x86.ActiveCfg = Debug|Win32
		{C8511AE2-821A-4A00-BFC8-C48477D1C8AA}.Debug|x86.Build.0 = Debug|Win32
		{C8511AE2-821A-4A00-BFC8-C48477D1C8AA}.Release|Any CPU.ActiveCfg = Release|x64
		{C8511AE2-821A-4A00-BFC8-C48477D1C8AA}.Release|Any CPU.Build.0 = Release|x64
		{C8511AE2-821A-4A00-BFC8-C48477D1C8AA}.Release|x64.ActiveCfg = Release|x64
		{C8511AE2-821A-4A00-BFC8-C48477D1C8AA}.Release|x64.Build.0 = Release|x64
		{C8511AE2-821A-4A00-BFC8-C48477D1C8AA}.Release|x86.ActiveCfg = Release|Win32
		{C8511AE2-821A-4A00-BFC8-C48477D1C8AA}.Release|x86.Build.0 = Release|Win32
		{ABE44F09-11C5-42E5-8E9D-F442BB05B859}.Debug|Any CPU.ActiveCfg = Debug|x64
		{ABE44F09-11C5-42E5-8E9D-F442BB05B859}.Debug|Any CPU.Build.0 = Debug|x64
		{ABE44F09-11C5-42E5-8E9D-F442BB05B859}.Debug|x64.ActiveCfg = Debug|x64
		{ABE44F09-11C5-42E5-8E9D-F442BB05B859}.Debug|x64.Build.0 = Debug|x64
		{ABE44F09-11C5-42E5-8E9D-F442BB05B859}.Debug|x86.ActiveCfg = Debug|Win32
		{ABE44F09-11C5-42E5-8E9D-F442BB05B859}.Debug|x86.Build.0 = Debug|Win32
		{ABE44F09-11C5-42E5-8E9D-F442BB05B859}.Release|Any CPU.ActiveCfg = Release|x64
		{ABE44F09-11C5-42E5-8E9D-F442BB05B859}.Release|Any CPU.Build.0 = Release|x64
		{ABE44F09-11C5-42E5-8E9D-F442BB05B859}.Release|x64.ActiveCfg = Release|x64
		{ABE44F09-11C5-42E5-8E9D-F442BB05B859}.Release|x64.Build.0 = Release|x64
		{ABE44F09-11C5-42E5-8E9D-F442BB05B859}.Release|x86.ActiveCfg = Release|Win32
		{ABE44F09-11C5-42E5-8E9D-F442BB05B859}.Release|x86.Build.0 = Release|Win32
		{796E1B2C-3E45-43E4-8C8C-ED59C914B996}.Debug|Any CPU.ActiveCfg = Debug|x64
		{796E1B2C-3E45-43E4-8C8C-ED59C914B996}.Debug|Any CPU.Build.0 = Debug|x64
		{796E1B2C-3E45-43E4-8C8C-ED59C914B996}.Debug|x64.ActiveCfg = Debug|x64
		{796E1B2C-3E45-43E4-8C8C-ED59C914B996}.Debug|x64.Build.0 = Debug|x64
		{796E1B2C-3E45-43E4-8C8C-ED59C914B996}.Debug|x86.ActiveCfg = Debug|Win32
		{796E1B2C-3E45-43E4-8C8C-ED59C914B996}.Debug|x86.Build.0 = Debug|Win32
		{796E1B2C-3E45-43E4-8C8C-ED59C914B996}.Release|Any CPU.ActiveCfg = Release|x64
		{796E1B2C-3E45-43E4-8C8C-ED59C914B996}.Release|Any CPU.Build.0 = Release|x64
		{796E1B2C-3E45-43E4-8C8C-ED59C914B996}.Release|x64.ActiveCfg = Release|x64
		{796E1B2C-3E45-43E4-8C8C-ED59C914B996}.Release|x64.Build.0 = Release|x64
		{796E1B2C-3E45-43E4-8C8C-ED59C914B996}.Release|x86.ActiveCfg = Release|Win32
		{796E1B2C-3E45-43E4-8C8C-ED59C914B996}.Release|x86.Build.0 = Release|Win32
		{64A8F0E7-B0AA-47E8-B134-BD6205887C3C}.Debug|Any CPU.ActiveCfg = Debug|x64
		{64A8F0E7-B0AA-47E8-B134-BD6205887C3C}.Debug|Any CPU.Build.0 = Debug|x64
		{64A8F0E7-B0AA-47E8-B134-BD6205887C3C}.Debug|x64.ActiveCfg = Debug|x64
		{64A8F0E7-B0AA-47E8-B134-BD6205887C3C}.Debug|x64.Build.0 = Debug|x64
		{64A8F0E7-B0AA-47E8-B134-BD6205887C3C}.Debug|x86.ActiveCfg = Debug|Win32
		{64A8F0E7-B0AA-47E8-B134-BD6205887C3C}.Debug|x86.Build.0 = Debug|Win32
		{64A8F0E7-B0AA-47E8-B134-BD6205887C3C}.Release|Any CPU.ActiveCfg = Release|x64
		{64A8F0E7-B0AA-47E8-B134-BD6205887C3C}.Release|Any CPU.Build.0 = Release|x64
		{64A8F0E7-B0AA-47E8-B134-BD6205887C3C}.Release|x64.ActiveCfg = Release|x64
		{64A8F0E7-B0AA-47E8-B134-BD6205887C3C}.Release|x64.Build.0 = Release|x64
		{64A8F0E7-B0AA-47E8-B134-BD6205887C3C}.Release|x86.ActiveCfg = Release|Win32
		{64A8F0E7-B0AA-47E8-B134-BD6205887C3C}.Release|x86.Build.0 = Release|Win32
		{0AFB1D71-35DE-4B95-83D1-0CFD3443102B}.Debug|Any CPU.ActiveCfg = Debug|x64
		{0AFB1D71-35DE-4B95-83D1-0CFD3443102B}.Debug|Any CPU.Build.0 = Debug|x64
		{0AFB1D71-35DE-4B95-83D1-0CFD3443102B}.Debug|x64.ActiveCfg = Debug|x64
		{0AFB1D71-35DE-4B95-83D1-0CFD3443102B}.Debug|x64.Build.0 = Debug|x64
		{0AFB1D71-35DE-4B95-83D1-0CFD3443102B}.Debug|x86.ActiveCfg = Debug|Win32
		{0AFB1D71-35DE-4B95-83D1-0CFD3443102B}.Debug|x86.Build.0 = Debug|Win32
		{0AFB1D71-35DE-4B95-83D1-0CFD3443102B}.Release|Any CPU.ActiveCfg = Release|x64
		{0AFB1D71-35DE-4B95-83D1-0CFD3443102B}.Release|Any CPU.Build.0 = Release|x64
		{0AFB1D71-35DE-4B95-83D1-0CFD3443102B}.Release|x64.ActiveCfg = Release|x64
		{0AFB1D71-35DE-4B95-83D1-0CFD3443102B}.Release|x64.Build.0 = Release|x64
		{0AFB1D71-35DE-4B95-83D1-0CFD3443102B}.Release|x86.ActiveCfg = Release|Win32
		{0AFB1D71-35DE-4B95-83D1-0CFD3443102B}.Release|x86.Build.0 = Release|Win32
		{220E1E94-ED70-4FD2-898F-C94290D4A173}.Debug|Any CPU.ActiveCfg = Debug|x64
		{220E1E94-ED70-4FD2-898F-C94290D4A173}.Debug|Any CPU.Build.0 = Debug|x64
		{220E1E94-ED70-4FD2-898F-C94290D4A173}.Debug|x64.ActiveCfg = Debug|x64
		{220E1E94-ED70-4FD2-898F-C94290D4A173}.Debug|x64.Build.0 = Debug|x64
		{220E1E94-ED70-4FD2-898F-C94290D4A173}.Debug|x86.ActiveCfg = Debug|Win32
		{220E1E94-ED70-4FD2-898F-C94290D4A173}.Debug|x86.Build.0 = Debug|Win32
		{220E1E94-ED70-4FD2-898F-C94290D4A173}.Release|Any CPU.ActiveCfg = Release|x64
		{220E1E94-ED70-4FD2-898F-C94290D4A173}.Release|Any CPU.Build.0 = Release|x64
		{220E1E94-ED70-4FD2-898F-C94290D4A173}.Release|x64.ActiveCfg = Release|x64
		{220E1E94-ED70-4FD2-898F-C94290D4A173}.Release|x64.Build.0 = Release|x64
		{220E1E94-ED70-4FD2-898F-C94290D4A173}.Release|x86.ActiveCfg = Release|Win32
		{220E1E94-ED70-4FD2-898F-C94290D4A173}.Release|x86.Build.0 = Release|Win32
		{848FEA2F-474A-4A04-A51F-60983FC4F145}.Debug|Any CPU.ActiveCfg = Debug|x64
		{848FEA2F-474A-4A04-A51F-60983FC4F145}.Debug|Any CPU.Build.0 = Debug|x64
		{848FEA2F-474A-4A04-A51F-60983FC4F145}.Debug|x64.ActiveCfg = Debug|x64
		{848FEA2F-474A-4A04-A51F-60983FC4F145}.Debug|x64.Build.0 = Debug|x64
		{848FEA2F-474A-4A04-A51F-60983FC4F145}.Debug|x86.ActiveCfg = Debug|Win32
		{848FEA2F-474A-4A04-A51F-60983FC4F145}.Debug|x86.Build.0 = Debug|Win32
		{848FEA2F-474A-4A04-A51F-60983FC4F145}.Release|Any CPU.ActiveCfg = Release|x64
		{848FEA2F-474A-4A04-A51F-60983FC4F145}.Release|Any CPU.Build.0 = Release|x64
		{848FEA2F-474A-4A04-A51F-60983FC4F145}.Release|x64.ActiveCfg = Release|x64
		{848FEA2F-474A-4A04-A51F-60983FC4F145}.Release|x64.Build.0 = Release|x64
		{848FEA2F-474A-4A04-A51F-60983FC4F145}.Release|x86.ActiveCfg = Release|Win32
		{848FEA2F-474A-4A04-A51F-60983FC4F145}.Release|x86.Build.0 = Release|Win32
		{B244807C-5B82-4D3B-87B8-0D9822279248}.Debug|Any CPU.ActiveCfg = Debug|Any CPU
		{B244807C-5B82-4D3B-87B8-0D9822279248}.Debug|Any CPU.Build.0 = Debug|Any CPU
		{B244807C-5B82-4D3B-87B8-0D9822279248}.Debug|x64.ActiveCfg = Debug|Any CPU
		{B244807C-5B82-4D3B-87B8-0D9822279248}.Debug|x64.Build.0 = Debug|Any CPU
		{B244807C-5B82-4D3B-87B8-0D9822279248}.Debug|x86.ActiveCfg = Debug|Any CPU
		{B244807C-5B82-4D3B-87B8-0D9822279248}.Debug|x86.Build.0 = Debug|Any CPU
		{B244807C-5B82-4D3B-87B8-0D9822279248}.Release|Any CPU.ActiveCfg = Release|Any CPU
		{B244807C-5B82-4D3B-87B8-0D9822279248}.Release|Any CPU.Build.0 = Release|Any CPU
		{B244807C-5B82-4D3B-87B8-0D9822279248}.Release|x64.ActiveCfg = Release|Any CPU
		{B244807C-5B82-4D3B-87B8-0D9822279248}.Release|x64.Build.0 = Release|Any CPU
		{B244807C-5B82-4D3B-87B8-0D9822279248}.Release|x86.ActiveCfg = Release|Any CPU
		{B244807C-5B82-4D3B-87B8-0D9822279248}.Release|x86.Build.0 = Release|Any CPU
	EndGlobalSection
	GlobalSection(SolutionProperties) = preSolution
		HideSolutionNode = FALSE
	EndGlobalSection
	GlobalSection(NestedProjects) = preSolution
		{BCAF686B-FBF2-4760-8368-0567DC921AB8} = {CB7E1B3D-E538-4CB3-B406-760D702F1072}
		{23239D39-1E07-4DB2-8FF2-E572740AC57C} = {CB7E1B3D-E538-4CB3-B406-760D702F1072}
		{CB7E1B3D-E538-4CB3-B406-760D702F1072} = {457A8636-94A5-47D1-810F-9D1E62B26B34}
		{68543FF1-D100-4D0E-9540-42CD69F84F09} = {457A8636-94A5-47D1-810F-9D1E62B26B34}
		{5795C688-654B-46BE-BAD3-A3F0DB1874EF} = {68543FF1-D100-4D0E-9540-42CD69F84F09}
		{5FE86DC1-3EE2-4AD1-AA30-917563CA1251} = {68543FF1-D100-4D0E-9540-42CD69F84F09}
		{E08820F5-5636-4BD9-9675-55087361CF68} = {68543FF1-D100-4D0E-9540-42CD69F84F09}
		{3DFA9EBC-1472-4AD6-B45A-E832DC4179BE} = {68543FF1-D100-4D0E-9540-42CD69F84F09}
		{BAA20ED0-CCB9-481F-8AE6-C5837E38B8A5} = {457A8636-94A5-47D1-810F-9D1E62B26B34}
		{EF7BE7FD-E520-4EBC-A5EF-AD3D401D318B} = {BAA20ED0-CCB9-481F-8AE6-C5837E38B8A5}
		{1AFCF6ED-2839-4769-A24C-06FB8E227AC0} = {BAA20ED0-CCB9-481F-8AE6-C5837E38B8A5}
		{6C73C94B-8B4D-453E-88D4-353692D5D840} = {457A8636-94A5-47D1-810F-9D1E62B26B34}
		{3B954DDD-54EF-4F9C-B6A5-45ADEEE40E56} = {6C73C94B-8B4D-453E-88D4-353692D5D840}
		{B503E695-DAD0-4C46-92AE-E70BFC482DE8} = {457A8636-94A5-47D1-810F-9D1E62B26B34}
		{AEA86744-B540-4712-BED4-0464DCB32EC5} = {B503E695-DAD0-4C46-92AE-E70BFC482DE8}
		{70EE02C0-D611-438E-A8D9-D4F253C7DEE7} = {457A8636-94A5-47D1-810F-9D1E62B26B34}
		{5BBD9C3E-D1F3-4989-9C77-403A5B23D0F6} = {70EE02C0-D611-438E-A8D9-D4F253C7DEE7}
		{7A08C50D-2C19-4D91-A328-4785C46866D0} = {70EE02C0-D611-438E-A8D9-D4F253C7DEE7}
		{ABABB46A-71C7-49D4-ADEF-3F835055E2AD} = {70EE02C0-D611-438E-A8D9-D4F253C7DEE7}
		{D695CE50-3D54-4E2B-BE1C-B9E7D1E2CE89} = {70EE02C0-D611-438E-A8D9-D4F253C7DEE7}
		{457A8636-94A5-47D1-810F-9D1E62B26B34} = {02EA681E-C7D8-13C7-8484-4AC65E1B71E8}
		{42DFA183-9E09-45DA-8AEB-3FFDEF9A9BEA} = {02EA681E-C7D8-13C7-8484-4AC65E1B71E8}
		{98D321FF-8B23-4EB3-B9A9-8583C2B8DD64} = {42DFA183-9E09-45DA-8AEB-3FFDEF9A9BEA}
		{3F90850C-B371-483A-8DAC-534A77DAFC81} = {98D321FF-8B23-4EB3-B9A9-8583C2B8DD64}
		{4E770ADE-636F-4F61-B28B-B82F6BABC5C9} = {42DFA183-9E09-45DA-8AEB-3FFDEF9A9BEA}
		{8157103A-4A0C-4323-967B-23CE9EFDFA4A} = {4E770ADE-636F-4F61-B28B-B82F6BABC5C9}
		{B649C7BE-57B1-4F1C-9460-B9792ADB4CDB} = {4E770ADE-636F-4F61-B28B-B82F6BABC5C9}
		{C8511AE2-821A-4A00-BFC8-C48477D1C8AA} = {4E770ADE-636F-4F61-B28B-B82F6BABC5C9}
		{ABE44F09-11C5-42E5-8E9D-F442BB05B859} = {4E770ADE-636F-4F61-B28B-B82F6BABC5C9}
		{796E1B2C-3E45-43E4-8C8C-ED59C914B996} = {4E770ADE-636F-4F61-B28B-B82F6BABC5C9}
		{64A8F0E7-B0AA-47E8-B134-BD6205887C3C} = {4E770ADE-636F-4F61-B28B-B82F6BABC5C9}
		{523DEDBA-BDA8-4605-9EF7-1D39E0B7391D} = {02EA681E-C7D8-13C7-8484-4AC65E1B71E8}
		{0AFB1D71-35DE-4B95-83D1-0CFD3443102B} = {523DEDBA-BDA8-4605-9EF7-1D39E0B7391D}
		{220E1E94-ED70-4FD2-898F-C94290D4A173} = {523DEDBA-BDA8-4605-9EF7-1D39E0B7391D}
		{848FEA2F-474A-4A04-A51F-60983FC4F145} = {523DEDBA-BDA8-4605-9EF7-1D39E0B7391D}
		{B244807C-5B82-4D3B-87B8-0D9822279248} = {6EF0C359-90F8-4A90-B2EC-D076ADD80228}
	EndGlobalSection
	GlobalSection(ExtensibilityGlobals) = postSolution
		SolutionGuid = {EC52CA19-2E71-4B24-A22D-395CD0BC76FD}
	EndGlobalSection
EndGlobal
