
Microsoft Visual Studio Solution File, Format Version 12.00
# Visual Studio Version 17
VisualStudioVersion = 17.7.34024.191
MinimumVisualStudioVersion = 10.0.40219.1
Project("{8BC9CEB8-8B4A-11D0-8D11-00A0C91BC942}") = "FirstConsoleApplication", "FirstConsoleApplication\FirstConsoleApplication.vcxproj", "{BCAF686B-FBF2-4760-8368-0567DC921AB8}"
EndProject
Project("{8BC9CEB8-8B4A-11D0-8D11-00A0C91BC942}") = "VariableConsoleApplication", "VariableConsoleApplication\VariableConsoleApplication.vcxproj", "{23239D39-1E07-4DB2-8FF2-E572740AC57C}"
EndProject
Project("{2150E333-8FDC-42A3-9474-1A3956D46DE8}") = "01 podst", "01 podst", "{CB7E1B3D-E538-4CB3-B406-760D702F1072}"
EndProject
Project("{2150E333-8FDC-42A3-9474-1A3956D46DE8}") = "02 instrukcje decyzyjne", "02 instrukcje decyzyjne", "{68543FF1-D100-4D0E-9540-42CD69F84F09}"
EndProject
Project("{8BC9CEB8-8B4A-11D0-8D11-00A0C91BC942}") = "InstrucionIfConsoleApp", "InstrucionIfConsoleApp\InstrucionIfConsoleApp.vcxproj", "{5795C688-654B-46BE-BAD3-A3F0DB1874EF}"
EndProject
Project("{8BC9CEB8-8B4A-11D0-8D11-00A0C91BC942}") = "LoopDoWhileConsoleApplication", "LoopConsoleApplication\LoopConsoleApplication.vcxproj", "{5FE86DC1-3EE2-4AD1-AA30-917563CA1251}"
EndProject
Project("{8BC9CEB8-8B4A-11D0-8D11-00A0C91BC942}") = "LoopWhileConsoleApplication", "LoopWhileConsoleApplication\LoopWhileConsoleApplication.vcxproj", "{E08820F5-5636-4BD9-9675-55087361CF68}"
EndProject
Global
	GlobalSection(SolutionConfigurationPlatforms) = preSolution
		Debug|x64 = Debug|x64
		Debug|x86 = Debug|x86
		Release|x64 = Release|x64
		Release|x86 = Release|x86
	EndGlobalSection
	GlobalSection(ProjectConfigurationPlatforms) = postSolution
		{BCAF686B-FBF2-4760-8368-0567DC921AB8}.Debug|x64.ActiveCfg = Debug|x64
		{BCAF686B-FBF2-4760-8368-0567DC921AB8}.Debug|x64.Build.0 = Debug|x64
		{BCAF686B-FBF2-4760-8368-0567DC921AB8}.Debug|x86.ActiveCfg = Debug|Win32
		{BCAF686B-FBF2-4760-8368-0567DC921AB8}.Debug|x86.Build.0 = Debug|Win32
		{BCAF686B-FBF2-4760-8368-0567DC921AB8}.Release|x64.ActiveCfg = Release|x64
		{BCAF686B-FBF2-4760-8368-0567DC921AB8}.Release|x64.Build.0 = Release|x64
		{BCAF686B-FBF2-4760-8368-0567DC921AB8}.Release|x86.ActiveCfg = Release|Win32
		{BCAF686B-FBF2-4760-8368-0567DC921AB8}.Release|x86.Build.0 = Release|Win32
		{23239D39-1E07-4DB2-8FF2-E572740AC57C}.Debug|x64.ActiveCfg = Debug|x64
		{23239D39-1E07-4DB2-8FF2-E572740AC57C}.Debug|x64.Build.0 = Debug|x64
		{23239D39-1E07-4DB2-8FF2-E572740AC57C}.Debug|x86.ActiveCfg = Debug|Win32
		{23239D39-1E07-4DB2-8FF2-E572740AC57C}.Debug|x86.Build.0 = Debug|Win32
		{23239D39-1E07-4DB2-8FF2-E572740AC57C}.Release|x64.ActiveCfg = Release|x64
		{23239D39-1E07-4DB2-8FF2-E572740AC57C}.Release|x64.Build.0 = Release|x64
		{23239D39-1E07-4DB2-8FF2-E572740AC57C}.Release|x86.ActiveCfg = Release|Win32
		{23239D39-1E07-4DB2-8FF2-E572740AC57C}.Release|x86.Build.0 = Release|Win32
		{5795C688-654B-46BE-BAD3-A3F0DB1874EF}.Debug|x64.ActiveCfg = Debug|x64
		{5795C688-654B-46BE-BAD3-A3F0DB1874EF}.Debug|x64.Build.0 = Debug|x64
		{5795C688-654B-46BE-BAD3-A3F0DB1874EF}.Debug|x86.ActiveCfg = Debug|Win32
		{5795C688-654B-46BE-BAD3-A3F0DB1874EF}.Debug|x86.Build.0 = Debug|Win32
		{5795C688-654B-46BE-BAD3-A3F0DB1874EF}.Release|x64.ActiveCfg = Release|x64
		{5795C688-654B-46BE-BAD3-A3F0DB1874EF}.Release|x64.Build.0 = Release|x64
		{5795C688-654B-46BE-BAD3-A3F0DB1874EF}.Release|x86.ActiveCfg = Release|Win32
		{5795C688-654B-46BE-BAD3-A3F0DB1874EF}.Release|x86.Build.0 = Release|Win32
		{5FE86DC1-3EE2-4AD1-AA30-917563CA1251}.Debug|x64.ActiveCfg = Debug|x64
		{5FE86DC1-3EE2-4AD1-AA30-917563CA1251}.Debug|x64.Build.0 = Debug|x64
		{5FE86DC1-3EE2-4AD1-AA30-917563CA1251}.Debug|x86.ActiveCfg = Debug|Win32
		{5FE86DC1-3EE2-4AD1-AA30-917563CA1251}.Debug|x86.Build.0 = Debug|Win32
		{5FE86DC1-3EE2-4AD1-AA30-917563CA1251}.Release|x64.ActiveCfg = Release|x64
		{5FE86DC1-3EE2-4AD1-AA30-917563CA1251}.Release|x64.Build.0 = Release|x64
		{5FE86DC1-3EE2-4AD1-AA30-917563CA1251}.Release|x86.ActiveCfg = Release|Win32
		{5FE86DC1-3EE2-4AD1-AA30-917563CA1251}.Release|x86.Build.0 = Release|Win32
		{E08820F5-5636-4BD9-9675-55087361CF68}.Debug|x64.ActiveCfg = Debug|x64
		{E08820F5-5636-4BD9-9675-55087361CF68}.Debug|x64.Build.0 = Debug|x64
		{E08820F5-5636-4BD9-9675-55087361CF68}.Debug|x86.ActiveCfg = Debug|Win32
		{E08820F5-5636-4BD9-9675-55087361CF68}.Debug|x86.Build.0 = Debug|Win32
		{E08820F5-5636-4BD9-9675-55087361CF68}.Release|x64.ActiveCfg = Release|x64
		{E08820F5-5636-4BD9-9675-55087361CF68}.Release|x64.Build.0 = Release|x64
		{E08820F5-5636-4BD9-9675-55087361CF68}.Release|x86.ActiveCfg = Release|Win32
		{E08820F5-5636-4BD9-9675-55087361CF68}.Release|x86.Build.0 = Release|Win32
	EndGlobalSection
	GlobalSection(SolutionProperties) = preSolution
		HideSolutionNode = FALSE
	EndGlobalSection
	GlobalSection(NestedProjects) = preSolution
		{BCAF686B-FBF2-4760-8368-0567DC921AB8} = {CB7E1B3D-E538-4CB3-B406-760D702F1072}
		{23239D39-1E07-4DB2-8FF2-E572740AC57C} = {CB7E1B3D-E538-4CB3-B406-760D702F1072}
		{5795C688-654B-46BE-BAD3-A3F0DB1874EF} = {68543FF1-D100-4D0E-9540-42CD69F84F09}
		{5FE86DC1-3EE2-4AD1-AA30-917563CA1251} = {68543FF1-D100-4D0E-9540-42CD69F84F09}
		{E08820F5-5636-4BD9-9675-55087361CF68} = {68543FF1-D100-4D0E-9540-42CD69F84F09}
	EndGlobalSection
	GlobalSection(ExtensibilityGlobals) = postSolution
		SolutionGuid = {EC52CA19-2E71-4B24-A22D-395CD0BC76FD}
	EndGlobalSection
EndGlobal
